
Microsoft Visual Studio Solution File, Format Version 12.00
# Visual Studio Version 16
VisualStudioVersion = 16.0.30717.126
MinimumVisualStudioVersion = 10.0.40219.1
Project("{FAE04EC0-301F-11D3-BF4B-00C04F79EFBC}") = "BettingSite", "BettingSite\BettingSite.csproj", "{BEC5D0F6-A296-444B-9064-1B1560713A26}"
EndProject
Global
	GlobalSection(SolutionConfigurationPlatforms) = preSolution
		Debug|Any CPU = Debug|Any CPU
		Release|Any CPU = Release|Any CPU
	EndGlobalSection
	GlobalSection(ProjectConfigurationPlatforms) = postSolution
		{BEC5D0F6-A296-444B-9064-1B1560713A26}.Debug|Any CPU.ActiveCfg = Debug|Any CPU
		{BEC5D0F6-A296-444B-9064-1B1560713A26}.Debug|Any CPU.Build.0 = Debug|Any CPU
		{BEC5D0F6-A296-444B-9064-1B1560713A26}.Release|Any CPU.ActiveCfg = Release|Any CPU
		{BEC5D0F6-A296-444B-9064-1B1560713A26}.Release|Any CPU.Build.0 = Release|Any CPU
	EndGlobalSection
	GlobalSection(SolutionProperties) = preSolution
		HideSolutionNode = FALSE
	EndGlobalSection
	GlobalSection(ExtensibilityGlobals) = postSolution
		SolutionGuid = {85DADF41-8345-41D5-AD89-3B5D4E7C3625}
	EndGlobalSection
EndGlobal
